
Microsoft Visual Studio Solution File, Format Version 12.00
# Visual Studio Version 17
VisualStudioVersion = 17.4.33205.214
MinimumVisualStudioVersion = 10.0.40219.1
Project("{FAE04EC0-301F-11D3-BF4B-00C04F79EFBC}") = "ExchangeRatesApp", "ExchangeRatesApp\ExchangeRatesApp.csproj", "{521A1901-A05F-4E29-87A5-F21C676EB3DF}"
EndProject
Global
	GlobalSection(SolutionConfigurationPlatforms) = preSolution
		Debug|Any CPU = Debug|Any CPU
		Release|Any CPU = Release|Any CPU
	EndGlobalSection
	GlobalSection(ProjectConfigurationPlatforms) = postSolution
		{521A1901-A05F-4E29-87A5-F21C676EB3DF}.Debug|Any CPU.ActiveCfg = Debug|Any CPU
		{521A1901-A05F-4E29-87A5-F21C676EB3DF}.Debug|Any CPU.Build.0 = Debug|Any CPU
		{521A1901-A05F-4E29-87A5-F21C676EB3DF}.Release|Any CPU.ActiveCfg = Release|Any CPU
		{521A1901-A05F-4E29-87A5-F21C676EB3DF}.Release|Any CPU.Build.0 = Release|Any CPU
	EndGlobalSection
	GlobalSection(SolutionProperties) = preSolution
		HideSolutionNode = FALSE
	EndGlobalSection
	GlobalSection(ExtensibilityGlobals) = postSolution
		SolutionGuid = {A809087D-1E22-4AD8-B1E6-2736BFC69AB1}
	EndGlobalSection
EndGlobal
